
Microsoft Visual Studio Solution File, Format Version 12.00
# Visual Studio Version 17
VisualStudioVersion = 17.7.34031.279
MinimumVisualStudioVersion = 10.0.40219.1
Project("{FAE04EC0-301F-11D3-BF4B-00C04F79EFBC}") = "OOP_Lab4", "OOP_Lab4\OOP_Lab4.csproj", "{D9520318-DE6F-4ACA-8443-228D97360998}"
EndProject
Global
	GlobalSection(SolutionConfigurationPlatforms) = preSolution
		Debug|Any CPU = Debug|Any CPU
		Release|Any CPU = Release|Any CPU
	EndGlobalSection
	GlobalSection(ProjectConfigurationPlatforms) = postSolution
		{D9520318-DE6F-4ACA-8443-228D97360998}.Debug|Any CPU.ActiveCfg = Debug|Any CPU
		{D9520318-DE6F-4ACA-8443-228D97360998}.Debug|Any CPU.Build.0 = Debug|Any CPU
		{D9520318-DE6F-4ACA-8443-228D97360998}.Release|Any CPU.ActiveCfg = Release|Any CPU
		{D9520318-DE6F-4ACA-8443-228D97360998}.Release|Any CPU.Build.0 = Release|Any CPU
	EndGlobalSection
	GlobalSection(SolutionProperties) = preSolution
		HideSolutionNode = FALSE
	EndGlobalSection
	GlobalSection(ExtensibilityGlobals) = postSolution
		SolutionGuid = {F9F28CC0-C7DF-41AE-AC15-E9551AE8F91D}
	EndGlobalSection
EndGlobal
